
Microsoft Visual Studio Solution File, Format Version 12.00
# Visual Studio Version 17
VisualStudioVersion = 17.14.36414.22 d17.14
MinimumVisualStudioVersion = 10.0.40219.1
Project("{FAE04EC0-301F-11D3-BF4B-00C04F79EFBC}") = "RelationshipTmdlGeneratorUI", "RelationshipTmdlGeneratorUI\RelationshipTmdlGeneratorUI.csproj", "{854C2D1B-6CF9-4835-BBBD-2124A829D8DF}"
EndProject
Global
	GlobalSection(SolutionConfigurationPlatforms) = preSolution
		Debug|Any CPU = Debug|Any CPU
		Release|Any CPU = Release|Any CPU
	EndGlobalSection
	GlobalSection(ProjectConfigurationPlatforms) = postSolution
		{854C2D1B-6CF9-4835-BBBD-2124A829D8DF}.Debug|Any CPU.ActiveCfg = Debug|Any CPU
		{854C2D1B-6CF9-4835-BBBD-2124A829D8DF}.Debug|Any CPU.Build.0 = Debug|Any CPU
		{854C2D1B-6CF9-4835-BBBD-2124A829D8DF}.Release|Any CPU.ActiveCfg = Release|Any CPU
		{854C2D1B-6CF9-4835-BBBD-2124A829D8DF}.Release|Any CPU.Build.0 = Release|Any CPU
	EndGlobalSection
	GlobalSection(SolutionProperties) = preSolution
		HideSolutionNode = FALSE
	EndGlobalSection
	GlobalSection(ExtensibilityGlobals) = postSolution
		SolutionGuid = {0726CDE4-12D5-410C-97C8-D6A55C994AE5}
	EndGlobalSection
EndGlobal
